
Microsoft Visual Studio Solution File, Format Version 12.00
# Visual Studio Version 17
VisualStudioVersion = 17.14.36121.58
MinimumVisualStudioVersion = 10.0.40219.1
Project("{F184B08F-C81C-45F6-A57F-5ABD9991F28F}") = "Maslow Post Processor", "Maslow Post Processor.vbproj", "{379DDF6C-E4C4-460E-A887-44FD27E93EC5}"
EndProject
Project("{54435603-DBB4-11D2-8724-00A0C9A8B90C}") = "Maslow postprocessor setup", "..\Maslow postprocessor setup\Maslow postprocessor setup.vdproj", "{05A0096C-2157-D897-FB50-E2C25D33435E}"
EndProject
Global
	GlobalSection(SolutionConfigurationPlatforms) = preSolution
		Debug|Any CPU = Debug|Any CPU
		Release|Any CPU = Release|Any CPU
	EndGlobalSection
	GlobalSection(ProjectConfigurationPlatforms) = postSolution
		{379DDF6C-E4C4-460E-A887-44FD27E93EC5}.Debug|Any CPU.ActiveCfg = Debug|Any CPU
		{379DDF6C-E4C4-460E-A887-44FD27E93EC5}.Debug|Any CPU.Build.0 = Debug|Any CPU
		{379DDF6C-E4C4-460E-A887-44FD27E93EC5}.Release|Any CPU.ActiveCfg = Release|Any CPU
		{379DDF6C-E4C4-460E-A887-44FD27E93EC5}.Release|Any CPU.Build.0 = Release|Any CPU
		{05A0096C-2157-D897-FB50-E2C25D33435E}.Debug|Any CPU.ActiveCfg = Debug
		{05A0096C-2157-D897-FB50-E2C25D33435E}.Release|Any CPU.ActiveCfg = Release
	EndGlobalSection
	GlobalSection(SolutionProperties) = preSolution
		HideSolutionNode = FALSE
	EndGlobalSection
	GlobalSection(ExtensibilityGlobals) = postSolution
		SolutionGuid = {C8FEDF9A-4409-406B-8B84-534E590167D1}
	EndGlobalSection
EndGlobal
